
Microsoft Visual Studio Solution File, Format Version 12.00
# Visual Studio 15
VisualStudioVersion = 15.0.27428.2005
MinimumVisualStudioVersion = 10.0.40219.1
Project("{FAE04EC0-301F-11D3-BF4B-00C04F79EFBC}") = "DyndnConfig", "DyndnConfig\DyndnConfig.csproj", "{05B3D269-6592-41C3-B35A-2D128CAEB5D6}"
EndProject
Project("{FAE04EC0-301F-11D3-BF4B-00C04F79EFBC}") = "DyndnUpdater", "DyndnUpdater\DyndnUpdater.csproj", "{C5E13FD0-FC57-493B-A0DA-5353E1FB8D56}"
EndProject
Global
	GlobalSection(SolutionConfigurationPlatforms) = preSolution
		Debug|Any CPU = Debug|Any CPU
		Release|Any CPU = Release|Any CPU
	EndGlobalSection
	GlobalSection(ProjectConfigurationPlatforms) = postSolution
		{05B3D269-6592-41C3-B35A-2D128CAEB5D6}.Debug|Any CPU.ActiveCfg = Debug|Any CPU
		{05B3D269-6592-41C3-B35A-2D128CAEB5D6}.Debug|Any CPU.Build.0 = Debug|Any CPU
		{05B3D269-6592-41C3-B35A-2D128CAEB5D6}.Release|Any CPU.ActiveCfg = Release|Any CPU
		{05B3D269-6592-41C3-B35A-2D128CAEB5D6}.Release|Any CPU.Build.0 = Release|Any CPU
		{C5E13FD0-FC57-493B-A0DA-5353E1FB8D56}.Debug|Any CPU.ActiveCfg = Debug|Any CPU
		{C5E13FD0-FC57-493B-A0DA-5353E1FB8D56}.Debug|Any CPU.Build.0 = Debug|Any CPU
		{C5E13FD0-FC57-493B-A0DA-5353E1FB8D56}.Release|Any CPU.ActiveCfg = Release|Any CPU
		{C5E13FD0-FC57-493B-A0DA-5353E1FB8D56}.Release|Any CPU.Build.0 = Release|Any CPU
	EndGlobalSection
	GlobalSection(SolutionProperties) = preSolution
		HideSolutionNode = FALSE
	EndGlobalSection
	GlobalSection(ExtensibilityGlobals) = postSolution
		SolutionGuid = {A094F818-6812-443F-AE5D-BBC1870B4D1A}
	EndGlobalSection
EndGlobal
